
Microsoft Visual Studio Solution File, Format Version 12.00
# Visual Studio 15
VisualStudioVersion = 15.0.28010.2050
MinimumVisualStudioVersion = 10.0.40219.1
Project("{8BC9CEB8-8B4A-11D0-8D11-00A0C91BC942}") = "AvenuesOfFury", "AvenuesOfFury\AvenuesOfFury.vcxproj", "{0B5F1549-74CD-4231-AFE6-E7649BBC0847}"
EndProject
Global
	GlobalSection(SolutionConfigurationPlatforms) = preSolution
		Debug|x64 = Debug|x64
		Debug|x86 = Debug|x86
		Release|x64 = Release|x64
		Release|x86 = Release|x86
	EndGlobalSection
	GlobalSection(ProjectConfigurationPlatforms) = postSolution
		{0B5F1549-74CD-4231-AFE6-E7649BBC0847}.Debug|x64.ActiveCfg = Debug|x64
		{0B5F1549-74CD-4231-AFE6-E7649BBC0847}.Debug|x64.Build.0 = Debug|x64
		{0B5F1549-74CD-4231-AFE6-E7649BBC0847}.Debug|x86.ActiveCfg = Debug|Win32
		{0B5F1549-74CD-4231-AFE6-E7649BBC0847}.Debug|x86.Build.0 = Debug|Win32
		{0B5F1549-74CD-4231-AFE6-E7649BBC0847}.Release|x64.ActiveCfg = Release|x64
		{0B5F1549-74CD-4231-AFE6-E7649BBC0847}.Release|x64.Build.0 = Release|x64
		{0B5F1549-74CD-4231-AFE6-E7649BBC0847}.Release|x86.ActiveCfg = Release|Win32
		{0B5F1549-74CD-4231-AFE6-E7649BBC0847}.Release|x86.Build.0 = Release|Win32
	EndGlobalSection
	GlobalSection(SolutionProperties) = preSolution
		HideSolutionNode = FALSE
	EndGlobalSection
	GlobalSection(ExtensibilityGlobals) = postSolution
		SolutionGuid = {9DC54E77-EC0B-4290-B966-DE9DDEE0F7E3}
	EndGlobalSection
EndGlobal
